
Microsoft Visual Studio Solution File, Format Version 12.00
# Visual Studio Version 17
VisualStudioVersion = 17.14.36414.22 d17.14
MinimumVisualStudioVersion = 10.0.40219.1
Project("{FAE04EC0-301F-11D3-BF4B-00C04F79EFBC}") = "AddressLabel", "AddressLabel\AddressLabel.csproj", "{7D9A3C61-C1A4-4441-841D-9C3F32182B39}"
EndProject
Global
	GlobalSection(SolutionConfigurationPlatforms) = preSolution
		Debug|Any CPU = Debug|Any CPU
		Release|Any CPU = Release|Any CPU
	EndGlobalSection
	GlobalSection(ProjectConfigurationPlatforms) = postSolution
		{7D9A3C61-C1A4-4441-841D-9C3F32182B39}.Debug|Any CPU.ActiveCfg = Debug|Any CPU
		{7D9A3C61-C1A4-4441-841D-9C3F32182B39}.Debug|Any CPU.Build.0 = Debug|Any CPU
		{7D9A3C61-C1A4-4441-841D-9C3F32182B39}.Release|Any CPU.ActiveCfg = Release|Any CPU
		{7D9A3C61-C1A4-4441-841D-9C3F32182B39}.Release|Any CPU.Build.0 = Release|Any CPU
	EndGlobalSection
	GlobalSection(SolutionProperties) = preSolution
		HideSolutionNode = FALSE
	EndGlobalSection
	GlobalSection(ExtensibilityGlobals) = postSolution
		SolutionGuid = {E8714BDE-1208-4D8C-BAAD-07B3D162252B}
	EndGlobalSection
EndGlobal
